
Microsoft Visual Studio Solution File, Format Version 12.00
# Visual Studio 15
VisualStudioVersion = 15.0.27703.2000
MinimumVisualStudioVersion = 10.0.40219.1
Project("{8BC9CEB8-8B4A-11D0-8D11-00A0C91BC942}") = "Longest-Common-String", "Longest-Common-String\Longest-Common-String.vcxproj", "{F6B0ACEA-E946-413E-8BAB-C5A37E14781C}"
EndProject
Global
	GlobalSection(SolutionConfigurationPlatforms) = preSolution
		Debug|x64 = Debug|x64
		Debug|x86 = Debug|x86
		Release|x64 = Release|x64
		Release|x86 = Release|x86
	EndGlobalSection
	GlobalSection(ProjectConfigurationPlatforms) = postSolution
		{F6B0ACEA-E946-413E-8BAB-C5A37E14781C}.Debug|x64.ActiveCfg = Debug|x64
		{F6B0ACEA-E946-413E-8BAB-C5A37E14781C}.Debug|x64.Build.0 = Debug|x64
		{F6B0ACEA-E946-413E-8BAB-C5A37E14781C}.Debug|x86.ActiveCfg = Debug|Win32
		{F6B0ACEA-E946-413E-8BAB-C5A37E14781C}.Debug|x86.Build.0 = Debug|Win32
		{F6B0ACEA-E946-413E-8BAB-C5A37E14781C}.Release|x64.ActiveCfg = Release|x64
		{F6B0ACEA-E946-413E-8BAB-C5A37E14781C}.Release|x64.Build.0 = Release|x64
		{F6B0ACEA-E946-413E-8BAB-C5A37E14781C}.Release|x86.ActiveCfg = Release|Win32
		{F6B0ACEA-E946-413E-8BAB-C5A37E14781C}.Release|x86.Build.0 = Release|Win32
	EndGlobalSection
	GlobalSection(SolutionProperties) = preSolution
		HideSolutionNode = FALSE
	EndGlobalSection
	GlobalSection(ExtensibilityGlobals) = postSolution
		SolutionGuid = {FEAED94A-B71E-44DB-9312-5F6C8EEF3AA6}
	EndGlobalSection
EndGlobal
